Microsoft Visual Studio Solution File, Format Version 12.00
# Visual Studio Version 17
VisualStudioVersion = 17.5.2.0
MinimumVisualStudioVersion = 10.0.40219.1
Project("{FAE04EC0-301F-11D3-BF4B-00C04F79EFBC}") = "AgentWithFunctions", "AgentWithFunctions.csproj", "{271D8DB3-5F71-3797-4EF4-082D0A2AF3CA}"
EndProject
Global
	GlobalSection(SolutionConfigurationPlatforms) = preSolution
		Debug|Any CPU = Debug|Any CPU
		Release|Any CPU = Release|Any CPU
	EndGlobalSection
	GlobalSection(ProjectConfigurationPlatforms) = postSolution
		{271D8DB3-5F71-3797-4EF4-082D0A2AF3CA}.Debug|Any CPU.ActiveCfg = Debug|Any CPU
		{271D8DB3-5F71-3797-4EF4-082D0A2AF3CA}.Debug|Any CPU.Build.0 = Debug|Any CPU
		{271D8DB3-5F71-3797-4EF4-082D0A2AF3CA}.Release|Any CPU.ActiveCfg = Release|Any CPU
		{271D8DB3-5F71-3797-4EF4-082D0A2AF3CA}.Release|Any CPU.Build.0 = Release|Any CPU
	EndGlobalSection
	GlobalSection(SolutionProperties) = preSolution
		HideSolutionNode = FALSE
	EndGlobalSection
	GlobalSection(ExtensibilityGlobals) = postSolution
		SolutionGuid = {50051F6B-516B-467E-9001-ED75179C8462}
	EndGlobalSection
EndGlobal
