Microsoft Visual Studio Solution File, Format Version 12.00
# Visual Studio Version 17
VisualStudioVersion = 17.5.2.0
MinimumVisualStudioVersion = 10.0.40219.1
Project("{FAE04EC0-301F-11D3-BF4B-00C04F79EFBC}") = "FoundryWorkflow", "FoundryWorkflow.csproj", "{5485C064-E11C-5BE1-F71F-E04B79FAC5D7}"
EndProject
Global
	GlobalSection(SolutionConfigurationPlatforms) = preSolution
		Debug|Any CPU = Debug|Any CPU
		Release|Any CPU = Release|Any CPU
	EndGlobalSection
	GlobalSection(ProjectConfigurationPlatforms) = postSolution
		{5485C064-E11C-5BE1-F71F-E04B79FAC5D7}.Debug|Any CPU.ActiveCfg = Debug|Any CPU
		{5485C064-E11C-5BE1-F71F-E04B79FAC5D7}.Debug|Any CPU.Build.0 = Debug|Any CPU
		{5485C064-E11C-5BE1-F71F-E04B79FAC5D7}.Release|Any CPU.ActiveCfg = Release|Any CPU
		{5485C064-E11C-5BE1-F71F-E04B79FAC5D7}.Release|Any CPU.Build.0 = Release|Any CPU
	EndGlobalSection
	GlobalSection(SolutionProperties) = preSolution
		HideSolutionNode = FALSE
	EndGlobalSection
	GlobalSection(ExtensibilityGlobals) = postSolution
		SolutionGuid = {BB3F29C5-EC9E-471E-BD97-E0EF34FF662C}
	EndGlobalSection
EndGlobal
